// !$*UTF8*$!
{
	archiveVersion = 1;
	classes = {
	};
	objectVersion = 56;
	objects = {

/* Begin PBXBuildFile section */
		C41227752B6CEE2F00626D72 /* AppDelegate.swift in Sources */ = {isa = PBXBuildFile; fileRef = C41227742B6CEE2F00626D72 /* AppDelegate.swift */; };
		C41227772B6CEE2F00626D72 /* SceneDelegate.swift in Sources */ = {isa = PBXBuildFile; fileRef = C41227762B6CEE2F00626D72 /* SceneDelegate.swift */; };
		C41227792B6CEE2F00626D72 /* ViewController.swift in Sources */ = {isa = PBXBuildFile; fileRef = C41227782B6CEE2F00626D72 /* ViewController.swift */; };
		C412277C2B6CEE2F00626D72 /* Main.storyboard in Resources */ = {isa = PBXBuildFile; fileRef = C412277A2B6CEE2F00626D72 /* Main.storyboard */; };
		C412277E2B6CEE3000626D72 /* Assets.xcassets in Resources */ = {isa = PBXBuildFile; fileRef = C412277D2B6CEE3000626D72 /* Assets.xcassets */; };
		C41227812B6CEE3000626D72 /* LaunchScreen.storyboard in Resources */ = {isa = PBXBuildFile; fileRef = C412277F2B6CEE3000626D72 /* LaunchScreen.storyboard */; };
		C412278A2B6CEE6A00626D72 /* BlastTableViewController.swift in Sources */ = {isa = PBXBuildFile; fileRef = C41227892B6CEE6A00626D72 /* BlastTableViewController.swift */; };
		C412278E2B6CF2DE00626D72 /* Text.xib in Resources */ = {isa = PBXBuildFile; fileRef = C412278D2B6CF2DE00626D72 /* Text.xib */; };
/* End PBXBuildFile section */

/* Begin PBXFileReference section */
		C41227712B6CEE2F00626D72 /* BlastExample.app */ = {isa = PBXFileReference; explicitFileType = wrapper.application; includeInIndex = 0; path = BlastExample.app; sourceTree = BUILT_PRODUCTS_DIR; };
		C41227742B6CEE2F00626D72 /* AppDelegate.swift */ = {isa = PBXFileReference; lastKnownFileType = sourcecode.swift; path = AppDelegate.swift; sourceTree = "<group>"; };
		C41227762B6CEE2F00626D72 /* SceneDelegate.swift */ = {isa = PBXFileReference; lastKnownFileType = sourcecode.swift; path = SceneDelegate.swift; sourceTree = "<group>"; };
		C41227782B6CEE2F00626D72 /* ViewController.swift */ = {isa = PBXFileReference; lastKnownFileType = sourcecode.swift; path = ViewController.swift; sourceTree = "<group>"; };
		C412277B2B6CEE2F00626D72 /* Base */ = {isa = PBXFileReference; lastKnownFileType = file.storyboard; name = Base; path = Base.lproj/Main.storyboard; sourceTree = "<group>"; };
		C412277D2B6CEE3000626D72 /* Assets.xcassets */ = {isa = PBXFileReference; lastKnownFileType = folder.assetcatalog; path = Assets.xcassets; sourceTree = "<group>"; };
		C41227802B6CEE3000626D72 /* Base */ = {isa = PBXFileReference; lastKnownFileType = file.storyboard; name = Base; path = Base.lproj/LaunchScreen.storyboard; sourceTree = "<group>"; };
		C41227822B6CEE3000626D72 /* Info.plist */ = {isa = PBXFileReference; lastKnownFileType = text.plist.xml; path = Info.plist; sourceTree = "<group>"; };
		C41227892B6CEE6A00626D72 /* BlastTableViewController.swift */ = {isa = PBXFileReference; lastKnownFileType = sourcecode.swift; path = BlastTableViewController.swift; sourceTree = "<group>"; };
		C412278B2B6CF07000626D72 /* Blast.podspec */ = {isa = PBXFileReference; lastKnownFileType = text; name = Blast.podspec; path = ../../Blast.podspec; sourceTree = "<group>"; };
		C412278D2B6CF2DE00626D72 /* Text.xib */ = {isa = PBXFileReference; lastKnownFileType = file.xib; path = Text.xib; sourceTree = "<group>"; };
/* End PBXFileReference section */

/* Begin PBXFrameworksBuildPhase section */
		C412276E2B6CEE2F00626D72 /* Frameworks */ = {
			isa = PBXFrameworksBuildPhase;
			buildActionMask = 2147483647;
			files = (
			);
			runOnlyForDeploymentPostprocessing = 0;
		};
/* End PBXFrameworksBuildPhase section */

/* Begin PBXGroup section */
		C41227682B6CEE2E00626D72 = {
			isa = PBXGroup;
			children = (
				C41227732B6CEE2F00626D72 /* BlastExample */,
				C41227722B6CEE2F00626D72 /* Products */,
			);
			sourceTree = "<group>";
		};
		C41227722B6CEE2F00626D72 /* Products */ = {
			isa = PBXGroup;
			children = (
				C41227712B6CEE2F00626D72 /* BlastExample.app */,
			);
			name = Products;
			sourceTree = "<group>";
		};
		C41227732B6CEE2F00626D72 /* BlastExample */ = {
			isa = PBXGroup;
			children = (
				C412278B2B6CF07000626D72 /* Blast.podspec */,
				C41227882B6CEE4B00626D72 /* Blast */,
				C41227742B6CEE2F00626D72 /* AppDelegate.swift */,
				C41227762B6CEE2F00626D72 /* SceneDelegate.swift */,
				C41227782B6CEE2F00626D72 /* ViewController.swift */,
				C412278C2B6CF29400626D72 /* Cells */,
				C412277A2B6CEE2F00626D72 /* Main.storyboard */,
				C412277D2B6CEE3000626D72 /* Assets.xcassets */,
				C412277F2B6CEE3000626D72 /* LaunchScreen.storyboard */,
				C41227822B6CEE3000626D72 /* Info.plist */,
			);
			path = BlastExample;
			sourceTree = "<group>";
		};
		C41227882B6CEE4B00626D72 /* Blast */ = {
			isa = PBXGroup;
			children = (
				C41227892B6CEE6A00626D72 /* BlastTableViewController.swift */,
			);
			name = Blast;
			path = ../../Blast;
			sourceTree = "<group>";
		};
		C412278C2B6CF29400626D72 /* Cells */ = {
			isa = PBXGroup;
			children = (
				C412278D2B6CF2DE00626D72 /* Text.xib */,
			);
			path = Cells;
			sourceTree = "<group>";
		};
/* End PBXGroup section */

/* Begin PBXNativeTarget section */
		C41227702B6CEE2F00626D72 /* BlastExample */ = {
			isa = PBXNativeTarget;
			buildConfigurationList = C41227852B6CEE3000626D72 /* Build configuration list for PBXNativeTarget "BlastExample" */;
			buildPhases = (
				C412276D2B6CEE2F00626D72 /* Sources */,
				C412276E2B6CEE2F00626D72 /* Frameworks */,
				C412276F2B6CEE2F00626D72 /* Resources */,
			);
			buildRules = (
			);
			dependencies = (
			);
			name = BlastExample;
			productName = BlastExample;
			productReference = C41227712B6CEE2F00626D72 /* BlastExample.app */;
			productType = "com.apple.product-type.application";
		};
/* End PBXNativeTarget section */

/* Begin PBXProject section */
		C41227692B6CEE2E00626D72 /* Project object */ = {
			isa = PBXProject;
			attributes = {
				BuildIndependentTargetsInParallel = 1;
				LastSwiftUpdateCheck = 1510;
				LastUpgradeCheck = 1510;
				TargetAttributes = {
					C41227702B6CEE2F00626D72 = {
						CreatedOnToolsVersion = 15.1;
					};
				};
			};
			buildConfigurationList = C412276C2B6CEE2E00626D72 /* Build configuration list for PBXProject "BlastExample" */;
			compatibilityVersion = "Xcode 14.0";
			developmentRegion = en;
			hasScannedForEncodings = 0;
			knownRegions = (
				en,
				Base,
			);
			mainGroup = C41227682B6CEE2E00626D72;
			productRefGroup = C41227722B6CEE2F00626D72 /* Products */;
			projectDirPath = "";
			projectRoot = "";
			targets = (
				C41227702B6CEE2F00626D72 /* BlastExample */,
			);
		};
/* End PBXProject section */

/* Begin PBXResourcesBuildPhase section */
		C412276F2B6CEE2F00626D72 /* Resources */ = {
			isa = PBXResourcesBuildPhase;
			buildActionMask = 2147483647;
			files = (
				C41227812B6CEE3000626D72 /* LaunchScreen.storyboard in Resources */,
				C412277E2B6CEE3000626D72 /* Assets.xcassets in Resources */,
				C412278E2B6CF2DE00626D72 /* Text.xib in Resources */,
				C412277C2B6CEE2F00626D72 /* Main.storyboard in Resources */,
			);
			runOnlyForDeploymentPostprocessing = 0;
		};
/* End PBXResourcesBuildPhase section */

/* Begin PBXSourcesBuildPhase section */
		C412276D2B6CEE2F00626D72 /* Sources */ = {
			isa = PBXSourcesBuildPhase;
			buildActionMask = 2147483647;
			files = (
				C41227792B6CEE2F00626D72 /* ViewController.swift in Sources */,
				C41227752B6CEE2F00626D72 /* AppDelegate.swift in Sources */,
				C412278A2B6CEE6A00626D72 /* BlastTableViewController.swift in Sources */,
				C41227772B6CEE2F00626D72 /* SceneDelegate.swift in Sources */,
			);
			runOnlyForDeploymentPostprocessing = 0;
		};
/* End PBXSourcesBuildPhase section */

/* Begin PBXVariantGroup section */
		C412277A2B6CEE2F00626D72 /* Main.storyboard */ = {
			isa = PBXVariantGroup;
			children = (
				C412277B2B6CEE2F00626D72 /* Base */,
			);
			name = Main.storyboard;
			sourceTree = "<group>";
		};
		C412277F2B6CEE3000626D72 /* LaunchScreen.storyboard */ = {
			isa = PBXVariantGroup;
			children = (
				C41227802B6CEE3000626D72 /* Base */,
			);
			name = LaunchScreen.storyboard;
			sourceTree = "<group>";
		};
/* End PBXVariantGroup section */

/* Begin XCBuildConfiguration section */
		C41227832B6CEE3000626D72 /* Debug */ = {
			isa = XCBuildConfiguration;
			buildSettings = {
				ALWAYS_SEARCH_USER_PATHS = NO;
				ASSETCATALOG_COMPILER_GENERATE_SWIFT_ASSET_SYMBOL_EXTENSIONS = YES;
				CLANG_ANALYZER_NONNULL = YES;
				CLANG_ANALYZER_NUMBER_OBJECT_CONVERSION = YES_AGGRESSIVE;
				CLANG_CXX_LANGUAGE_STANDARD = "gnu++20";
				CLANG_ENABLE_MODULES = YES;
				CLANG_ENABLE_OBJC_ARC = YES;
				CLANG_ENABLE_OBJC_WEAK = YES;
				CLANG_WARN_BLOCK_CAPTURE_AUTORELEASING = YES;
				CLANG_WARN_BOOL_CONVERSION = YES;
				CLANG_WARN_COMMA = YES;
				CLANG_WARN_CONSTANT_CONVERSION = YES;
				CLANG_WARN_DEPRECATED_OBJC_IMPLEMENTATIONS = YES;
				CLANG_WARN_DIRECT_OBJC_ISA_USAGE = YES_ERROR;
				CLANG_WARN_DOCUMENTATION_COMMENTS = YES;
				CLANG_WARN_EMPTY_BODY = YES;
				CLANG_WARN_ENUM_CONVERSION = YES;
				CLANG_WARN_INFINITE_RECURSION = YES;
				CLANG_WARN_INT_CONVERSION = YES;
				CLANG_WARN_NON_LITERAL_NULL_CONVERSION = YES;
				CLANG_WARN_OBJC_IMPLICIT_RETAIN_SELF = YES;
				CLANG_WARN_OBJC_LITERAL_CONVERSION = YES;
				CLANG_WARN_OBJC_ROOT_CLASS = YES_ERROR;
				CLANG_WARN_QUOTED_INCLUDE_IN_FRAMEWORK_HEADER = YES;
				CLANG_WARN_RANGE_LOOP_ANALYSIS = YES;
				CLANG_WARN_STRICT_PROTOTYPES = YES;
				CLANG_WARN_SUSPICIOUS_MOVE = YES;
				CLANG_WARN_UNGUARDED_AVAILABILITY = YES_AGGRESSIVE;
				CLANG_WARN_UNREACHABLE_CODE = YES;
				CLANG_WARN__DUPLICATE_METHOD_MATCH = YES;
				COPY_PHASE_STRIP = NO;
				DEBUG_INFORMATION_FORMAT = dwarf;
				ENABLE_STRICT_OBJC_MSGSEND = YES;
				ENABLE_TESTABILITY = YES;
				ENABLE_USER_SCRIPT_SANDBOXING = YES;
				GCC_C_LANGUAGE_STANDARD = gnu17;
				GCC_DYNAMIC_NO_PIC = NO;
				GCC_NO_COMMON_BLOCKS = YES;
				GCC_OPTIMIZATION_LEVEL = 0;
				GCC_PREPROCESSOR_DEFINITIONS = (
					"DEBUG=1",
					"$(inherited)",
				);
				GCC_WARN_64_TO_32_BIT_CONVERSION = YES;
				GCC_WARN_ABOUT_RETURN_TYPE = YES_ERROR;
				GCC_WARN_UNDECLARED_SELECTOR = YES;
				GCC_WARN_UNINITIALIZED_AUTOS = YES_AGGRESSIVE;
				GCC_WARN_UNUSED_FUNCTION = YES;
				GCC_WARN_UNUSED_VARIABLE = YES;
				IPHONEOS_DEPLOYMENT_TARGET = 17.2;
				LOCALIZATION_PREFERS_STRING_CATALOGS = YES;
				MTL_ENABLE_DEBUG_INFO = INCLUDE_SOURCE;
				MTL_FAST_MATH = YES;
				ONLY_ACTIVE_ARCH = YES;
				SDKROOT = iphoneos;
				SWIFT_ACTIVE_COMPILATION_CONDITIONS = "DEBUG $(inherited)";
				SWIFT_OPTIMIZATION_LEVEL = "-Onone";
			};
			name = Debug;
		};
		C41227842B6CEE3000626D72 /* Release */ = {
			isa = XCBuildConfiguration;
			buildSettings = {
				ALWAYS_SEARCH_USER_PATHS = NO;
				ASSETCATALOG_COMPILER_GENERATE_SWIFT_ASSET_SYMBOL_EXTENSIONS = YES;
				CLANG_ANALYZER_NONNULL = YES;
				CLANG_ANALYZER_NUMBER_OBJECT_CONVERSION = YES_AGGRESSIVE;
				CLANG_CXX_LANGUAGE_STANDARD = "gnu++20";
				CLANG_ENABLE_MODULES = YES;
				CLANG_ENABLE_OBJC_ARC = YES;
				CLANG_ENABLE_OBJC_WEAK = YES;
				CLANG_WARN_BLOCK_CAPTURE_AUTORELEASING = YES;
				CLANG_WARN_BOOL_CONVERSION = YES;
				CLANG_WARN_COMMA = YES;
				CLANG_WARN_CONSTANT_CONVERSION = YES;
				CLANG_WARN_DEPRECATED_OBJC_IMPLEMENTATIONS = YES;
				CLANG_WARN_DIRECT_OBJC_ISA_USAGE = YES_ERROR;
				CLANG_WARN_DOCUMENTATION_COMMENTS = YES;
				CLANG_WARN_EMPTY_BODY = YES;
				CLANG_WARN_ENUM_CONVERSION = YES;
				CLANG_WARN_INFINITE_RECURSION = YES;
				CLANG_WARN_INT_CONVERSION = YES;
				CLANG_WARN_NON_LITERAL_NULL_CONVERSION = YES;
				CLANG_WARN_OBJC_IMPLICIT_RETAIN_SELF = YES;
				CLANG_WARN_OBJC_LITERAL_CONVERSION = YES;
				CLANG_WARN_OBJC_ROOT_CLASS = YES_ERROR;
				CLANG_WARN_QUOTED_INCLUDE_IN_FRAMEWORK_HEADER = YES;
				CLANG_WARN_RANGE_LOOP_ANALYSIS = YES;
				CLANG_WARN_STRICT_PROTOTYPES = YES;
				CLANG_WARN_SUSPICIOUS_MOVE = YES;
				CLANG_WARN_UNGUARDED_AVAILABILITY = YES_AGGRESSIVE;
				CLANG_WARN_UNREACHABLE_CODE = YES;
				CLANG_WARN__DUPLICATE_METHOD_MATCH = YES;
				COPY_PHASE_STRIP = NO;
				DEBUG_INFORMATION_FORMAT = "dwarf-with-dsym";
				ENABLE_NS_ASSERTIONS = NO;
				ENABLE_STRICT_OBJC_MSGSEND = YES;
				ENABLE_USER_SCRIPT_SANDBOXING = YES;
				GCC_C_LANGUAGE_STANDARD = gnu17;
				GCC_NO_COMMON_BLOCKS = YES;
				GCC_WARN_64_TO_32_BIT_CONVERSION = YES;
				GCC_WARN_ABOUT_RETURN_TYPE = YES_ERROR;
				GCC_WARN_UNDECLARED_SELECTOR = YES;
				GCC_WARN_UNINITIALIZED_AUTOS = YES_AGGRESSIVE;
				GCC_WARN_UNUSED_FUNCTION = YES;
				GCC_WARN_UNUSED_VARIABLE = YES;
				IPHONEOS_DEPLOYMENT_TARGET = 17.2;
				LOCALIZATION_PREFERS_STRING_CATALOGS = YES;
				MTL_ENABLE_DEBUG_INFO = NO;
				MTL_FAST_MATH = YES;
				SDKROOT = iphoneos;
				SWIFT_COMPILATION_MODE = wholemodule;
				VALIDATE_PRODUCT = YES;
			};
			name = Release;
		};
		C41227862B6CEE3000626D72 /* Debug */ = {
			isa = XCBuildConfiguration;
			buildSettings = {
				ASSETCATALOG_COMPILER_APPICON_NAME = AppIcon;
				ASSETCATALOG_COMPILER_GLOBAL_ACCENT_COLOR_NAME = AccentColor;
				"CODE_SIGN_IDENTITY[sdk=iphoneos*]" = "iPhone Developer";
				CODE_SIGN_STYLE = Manual;
				CURRENT_PROJECT_VERSION = 1;
				DEVELOPMENT_TEAM = "";
				"DEVELOPMENT_TEAM[sdk=iphoneos*]" = YX329C7NUQ;
				GENERATE_INFOPLIST_FILE = YES;
				INFOPLIST_FILE = BlastExample/Info.plist;
				INFOPLIST_KEY_UIApplicationSupportsIndirectInputEvents = YES;
				INFOPLIST_KEY_UILaunchStoryboardName = LaunchScreen;
				INFOPLIST_KEY_UIMainStoryboardFile = Main;
				INFOPLIST_KEY_UISupportedInterfaceOrientations_iPad = "UIInterfaceOrientationPortrait UIInterfaceOrientationPortraitUpsideDown UIInterfaceOrientationLandscapeLeft UIInterfaceOrientationLandscapeRight";
				INFOPLIST_KEY_UISupportedInterfaceOrientations_iPhone = "UIInterfaceOrientationPortrait UIInterfaceOrientationLandscapeLeft UIInterfaceOrientationLandscapeRight";
				LD_RUNPATH_SEARCH_PATHS = (
					"$(inherited)",
					"@executable_path/Frameworks",
				);
				MARKETING_VERSION = 1.0;
				PRODUCT_BUNDLE_IDENTIFIER = templae.BlastExample;
				PRODUCT_NAME = "$(TARGET_NAME)";
				PROVISIONING_PROFILE_SPECIFIER = "";
				"PROVISIONING_PROFILE_SPECIFIER[sdk=iphoneos*]" = "AnyApp Development";
				SWIFT_EMIT_LOC_STRINGS = YES;
				SWIFT_VERSION = 5.0;
				TARGETED_DEVICE_FAMILY = "1,2";
			};
			name = Debug;
		};
		C41227872B6CEE3000626D72 /* Release */ = {
			isa = XCBuildConfiguration;
			buildSettings = {
				ASSETCATALOG_COMPILER_APPICON_NAME = AppIcon;
				ASSETCATALOG_COMPILER_GLOBAL_ACCENT_COLOR_NAME = AccentColor;
				"CODE_SIGN_IDENTITY[sdk=iphoneos*]" = "iPhone Developer";
				CODE_SIGN_STYLE = Manual;
				CURRENT_PROJECT_VERSION = 1;
				DEVELOPMENT_TEAM = "";
				"DEVELOPMENT_TEAM[sdk=iphoneos*]" = YX329C7NUQ;
				GENERATE_INFOPLIST_FILE = YES;
				INFOPLIST_FILE = BlastExample/Info.plist;
				INFOPLIST_KEY_UIApplicationSupportsIndirectInputEvents = YES;
				INFOPLIST_KEY_UILaunchStoryboardName = LaunchScreen;
				INFOPLIST_KEY_UIMainStoryboardFile = Main;
				INFOPLIST_KEY_UISupportedInterfaceOrientations_iPad = "UIInterfaceOrientationPortrait UIInterfaceOrientationPortraitUpsideDown UIInterfaceOrientationLandscapeLeft UIInterfaceOrientationLandscapeRight";
				INFOPLIST_KEY_UISupportedInterfaceOrientations_iPhone = "UIInterfaceOrientationPortrait UIInterfaceOrientationLandscapeLeft UIInterfaceOrientationLandscapeRight";
				LD_RUNPATH_SEARCH_PATHS = (
					"$(inherited)",
					"@executable_path/Frameworks",
				);
				MARKETING_VERSION = 1.0;
				PRODUCT_BUNDLE_IDENTIFIER = templae.BlastExample;
				PRODUCT_NAME = "$(TARGET_NAME)";
				PROVISIONING_PROFILE_SPECIFIER = "";
				"PROVISIONING_PROFILE_SPECIFIER[sdk=iphoneos*]" = "AnyApp Development";
				SWIFT_EMIT_LOC_STRINGS = YES;
				SWIFT_VERSION = 5.0;
				TARGETED_DEVICE_FAMILY = "1,2";
			};
			name = Release;
		};
/* End XCBuildConfiguration section */

/* Begin XCConfigurationList section */
		C412276C2B6CEE2E00626D72 /* Build configuration list for PBXProject "BlastExample" */ = {
			isa = XCConfigurationList;
			buildConfigurations = (
				C41227832B6CEE3000626D72 /* Debug */,
				C41227842B6CEE3000626D72 /* Release */,
			);
			defaultConfigurationIsVisible = 0;
			defaultConfigurationName = Release;
		};
		C41227852B6CEE3000626D72 /* Build configuration list for PBXNativeTarget "BlastExample" */ = {
			isa = XCConfigurationList;
			buildConfigurations = (
				C41227862B6CEE3000626D72 /* Debug */,
				C41227872B6CEE3000626D72 /* Release */,
			);
			defaultConfigurationIsVisible = 0;
			defaultConfigurationName = Release;
		};
/* End XCConfigurationList section */
	};
	rootObject = C41227692B6CEE2E00626D72 /* Project object */;
}
