// !$*UTF8*$!
{
	archiveVersion = 1;
	classes = {
	};
	objectVersion = 56;
	objects = {

/* Begin PBXBuildFile section */
		C40581ED2B986308000C93FD /* BlastController+DeleteSections.swift in Sources */ = {isa = PBXBuildFile; fileRef = C40581EC2B986308000C93FD /* BlastController+DeleteSections.swift */; };
		C40581EF2B986CE9000C93FD /* BlastController+AddSections.swift in Sources */ = {isa = PBXBuildFile; fileRef = C40581EE2B986CE9000C93FD /* BlastController+AddSections.swift */; };
		C40581F12B986EB4000C93FD /* BlastController+ReplaceSections.swift in Sources */ = {isa = PBXBuildFile; fileRef = C40581F02B986EB4000C93FD /* BlastController+ReplaceSections.swift */; };
		C41227752B6CEE2F00626D72 /* AppDelegate.swift in Sources */ = {isa = PBXBuildFile; fileRef = C41227742B6CEE2F00626D72 /* AppDelegate.swift */; };
		C41227772B6CEE2F00626D72 /* SceneDelegate.swift in Sources */ = {isa = PBXBuildFile; fileRef = C41227762B6CEE2F00626D72 /* SceneDelegate.swift */; };
		C41227792B6CEE2F00626D72 /* Menu.swift in Sources */ = {isa = PBXBuildFile; fileRef = C41227782B6CEE2F00626D72 /* Menu.swift */; };
		C412277C2B6CEE2F00626D72 /* Main.storyboard in Resources */ = {isa = PBXBuildFile; fileRef = C412277A2B6CEE2F00626D72 /* Main.storyboard */; };
		C412277E2B6CEE3000626D72 /* Assets.xcassets in Resources */ = {isa = PBXBuildFile; fileRef = C412277D2B6CEE3000626D72 /* Assets.xcassets */; };
		C41227812B6CEE3000626D72 /* LaunchScreen.storyboard in Resources */ = {isa = PBXBuildFile; fileRef = C412277F2B6CEE3000626D72 /* LaunchScreen.storyboard */; };
		C412278A2B6CEE6A00626D72 /* BlastController.swift in Sources */ = {isa = PBXBuildFile; fileRef = C41227892B6CEE6A00626D72 /* BlastController.swift */; };
		C412278E2B6CF2DE00626D72 /* CellOneLabel.xib in Resources */ = {isa = PBXBuildFile; fileRef = C412278D2B6CF2DE00626D72 /* CellOneLabel.xib */; };
		C41227902B6CF5E500626D72 /* BlastCell.swift in Sources */ = {isa = PBXBuildFile; fileRef = C412278F2B6CF5E500626D72 /* BlastCell.swift */; };
		C41227952B6CF80600626D72 /* BlastRow.swift in Sources */ = {isa = PBXBuildFile; fileRef = C41227932B6CF80600626D72 /* BlastRow.swift */; };
		C41227962B6CF80600626D72 /* BlastSection.swift in Sources */ = {isa = PBXBuildFile; fileRef = C41227942B6CF80600626D72 /* BlastSection.swift */; };
		C4187A382B9750CF00190BAC /* BlastController+DeleteRows.swift in Sources */ = {isa = PBXBuildFile; fileRef = C4187A372B9750CF00190BAC /* BlastController+DeleteRows.swift */; };
		C4187A3A2B97542900190BAC /* BlastController+ReplaceRows.swift in Sources */ = {isa = PBXBuildFile; fileRef = C4187A392B97542900190BAC /* BlastController+ReplaceRows.swift */; };
		C4187A3C2B97598700190BAC /* ReplaceRows.swift in Sources */ = {isa = PBXBuildFile; fileRef = C4187A3B2B97598700190BAC /* ReplaceRows.swift */; };
		C4187A3E2B975E4400190BAC /* BlastController+FindRows.swift in Sources */ = {isa = PBXBuildFile; fileRef = C4187A3D2B975E4400190BAC /* BlastController+FindRows.swift */; };
		C41938CF2B6D2AD40033D6F0 /* XIBS.swift in Sources */ = {isa = PBXBuildFile; fileRef = C41938CE2B6D2AD40033D6F0 /* XIBS.swift */; };
		C41938D12B6D2CB50033D6F0 /* Labels.swift in Sources */ = {isa = PBXBuildFile; fileRef = C41938D02B6D2CB50033D6F0 /* Labels.swift */; };
		C41938D32B6D2D180033D6F0 /* TextFields.swift in Sources */ = {isa = PBXBuildFile; fileRef = C41938D22B6D2D180033D6F0 /* TextFields.swift */; };
		C41938D62B6D2DA60033D6F0 /* Header.xib in Resources */ = {isa = PBXBuildFile; fileRef = C41938D52B6D2DA60033D6F0 /* Header.xib */; };
		C41938D82B6D2E170033D6F0 /* BlastHeaderFooterView.swift in Sources */ = {isa = PBXBuildFile; fileRef = C41938D72B6D2E170033D6F0 /* BlastHeaderFooterView.swift */; };
		C41938DA2B6D44F60033D6F0 /* Footer.xib in Resources */ = {isa = PBXBuildFile; fileRef = C41938D92B6D44F60033D6F0 /* Footer.xib */; };
		C41938DE2B6E85520033D6F0 /* CellTwoLabels.xib in Resources */ = {isa = PBXBuildFile; fileRef = C41938DC2B6E85520033D6F0 /* CellTwoLabels.xib */; };
		C41938E02B6E85E00033D6F0 /* CellThreeLabels.xib in Resources */ = {isa = PBXBuildFile; fileRef = C41938DF2B6E85E00033D6F0 /* CellThreeLabels.xib */; };
		C41938E22B6E8F7E0033D6F0 /* Buttons.swift in Sources */ = {isa = PBXBuildFile; fileRef = C41938E12B6E8F7E0033D6F0 /* Buttons.swift */; };
		C41938E62B6E90570033D6F0 /* CellMenuItem.xib in Resources */ = {isa = PBXBuildFile; fileRef = C41938E52B6E90570033D6F0 /* CellMenuItem.xib */; };
		C41938E82B6E92170033D6F0 /* CellOneButton.xib in Resources */ = {isa = PBXBuildFile; fileRef = C41938E72B6E92170033D6F0 /* CellOneButton.xib */; };
		C41938EA2B6FA3580033D6F0 /* CellTwoButtons.xib in Resources */ = {isa = PBXBuildFile; fileRef = C41938E92B6FA3580033D6F0 /* CellTwoButtons.xib */; };
		C41938EC2B6FA3F80033D6F0 /* CellThreeButtons.xib in Resources */ = {isa = PBXBuildFile; fileRef = C41938EB2B6FA3F80033D6F0 /* CellThreeButtons.xib */; };
		C41938EE2B6FB3CA0033D6F0 /* ImageViews.swift in Sources */ = {isa = PBXBuildFile; fileRef = C41938ED2B6FB3CA0033D6F0 /* ImageViews.swift */; };
		C41938F02B6FB4010033D6F0 /* CellOneImageView.xib in Resources */ = {isa = PBXBuildFile; fileRef = C41938EF2B6FB4010033D6F0 /* CellOneImageView.xib */; };
		C41938F32B6FB5300033D6F0 /* CellThreeImageViews.xib in Resources */ = {isa = PBXBuildFile; fileRef = C41938F12B6FB52F0033D6F0 /* CellThreeImageViews.xib */; };
		C41938F42B6FB5300033D6F0 /* CellTwoImageViews.xib in Resources */ = {isa = PBXBuildFile; fileRef = C41938F22B6FB5300033D6F0 /* CellTwoImageViews.xib */; };
		C41938F72B6FDA0D0033D6F0 /* BlastTextField.swift in Sources */ = {isa = PBXBuildFile; fileRef = C41938F62B6FDA0D0033D6F0 /* BlastTextField.swift */; };
		C41938F92B6FDDC20033D6F0 /* CellOneTextField.xib in Resources */ = {isa = PBXBuildFile; fileRef = C41938F82B6FDDC20033D6F0 /* CellOneTextField.xib */; };
		C42B56FC2B9B27970073D055 /* BlastController+FindSections.swift in Sources */ = {isa = PBXBuildFile; fileRef = C42B56FB2B9B27970073D055 /* BlastController+FindSections.swift */; };
		C42B56FE2B9B56560073D055 /* ReplaceSections.swift in Sources */ = {isa = PBXBuildFile; fileRef = C42B56FD2B9B56560073D055 /* ReplaceSections.swift */; };
		C43CE24C2B8B3FB200283FC7 /* BlastLabelConfig.swift in Sources */ = {isa = PBXBuildFile; fileRef = C43CE24B2B8B3FB200283FC7 /* BlastLabelConfig.swift */; };
		C444709E2B8E3A6400F274E3 /* BlastButtonConfig.swift in Sources */ = {isa = PBXBuildFile; fileRef = C444709D2B8E3A6400F274E3 /* BlastButtonConfig.swift */; };
		C44470A02B8E3D0900F274E3 /* BlastTextFieldConfig.swift in Sources */ = {isa = PBXBuildFile; fileRef = C444709F2B8E3D0900F274E3 /* BlastTextFieldConfig.swift */; };
		C44470A22B8E415700F274E3 /* TextViews.swift in Sources */ = {isa = PBXBuildFile; fileRef = C44470A12B8E415700F274E3 /* TextViews.swift */; };
		C44470A42B8E422900F274E3 /* BlastTextViewConfig.swift in Sources */ = {isa = PBXBuildFile; fileRef = C44470A32B8E422900F274E3 /* BlastTextViewConfig.swift */; };
		C44470A62B8E428300F274E3 /* BlastTextView.swift in Sources */ = {isa = PBXBuildFile; fileRef = C44470A52B8E428300F274E3 /* BlastTextView.swift */; };
		C44470A82B8E492B00F274E3 /* CellTextView.xib in Resources */ = {isa = PBXBuildFile; fileRef = C44470A72B8E492B00F274E3 /* CellTextView.xib */; };
		C459E0492BC8264F00F89652 /* BlastDatePickerField.swift in Sources */ = {isa = PBXBuildFile; fileRef = C459E0482BC8264F00F89652 /* BlastDatePickerField.swift */; };
		C459E04B2BC82AF000F89652 /* BlastDatePickerFieldConfig.swift in Sources */ = {isa = PBXBuildFile; fileRef = C459E04A2BC82AF000F89652 /* BlastDatePickerFieldConfig.swift */; };
		C459E04D2BC8411400F89652 /* DatePickers.swift in Sources */ = {isa = PBXBuildFile; fileRef = C459E04C2BC8411400F89652 /* DatePickers.swift */; };
		C45FC29F2BB876E500D25A62 /* BlastSegmentedControlConfig.swift in Sources */ = {isa = PBXBuildFile; fileRef = C45FC29E2BB876E500D25A62 /* BlastSegmentedControlConfig.swift */; };
		C45FC2A12BB87B0100D25A62 /* SegmentedControls.swift in Sources */ = {isa = PBXBuildFile; fileRef = C45FC2A02BB87B0100D25A62 /* SegmentedControls.swift */; };
		C45FC2A32BB87B4100D25A62 /* CellOneSegmentedControl.xib in Resources */ = {isa = PBXBuildFile; fileRef = C45FC2A22BB87B4100D25A62 /* CellOneSegmentedControl.xib */; };
		C46046812BC8603F00136776 /* CellOneDatePickerField.xib in Resources */ = {isa = PBXBuildFile; fileRef = C46046802BC8603F00136776 /* CellOneDatePickerField.xib */; };
		C4609FE22B90F8C7007D6D10 /* BlastController+AddRows.swift in Sources */ = {isa = PBXBuildFile; fileRef = C4609FE12B90F8C7007D6D10 /* BlastController+AddRows.swift */; };
		C46E3AFA2BB5F538004F4023 /* BlastImageViewConfig.swift in Sources */ = {isa = PBXBuildFile; fileRef = C46E3AF92BB5F538004F4023 /* BlastImageViewConfig.swift */; };
		C49145062B99DBC500BE9B58 /* AddAndDeleteSections.swift in Sources */ = {isa = PBXBuildFile; fileRef = C49145052B99DBC500BE9B58 /* AddAndDeleteSections.swift */; };
		C4AA879D2B8760A500D719A5 /* CellTwoTextFields.xib in Resources */ = {isa = PBXBuildFile; fileRef = C4AA879C2B8760A500D719A5 /* CellTwoTextFields.xib */; };
		C4AA879F2B877AA500D719A5 /* CellOneSwitch.xib in Resources */ = {isa = PBXBuildFile; fileRef = C4AA879E2B877AA500D719A5 /* CellOneSwitch.xib */; };
		C4AA87A12B877E1B00D719A5 /* Switches.swift in Sources */ = {isa = PBXBuildFile; fileRef = C4AA87A02B877E1B00D719A5 /* Switches.swift */; };
		C4AA87A32B87AE6600D719A5 /* BlastSwitchConfig.swift in Sources */ = {isa = PBXBuildFile; fileRef = C4AA87A22B87AE6600D719A5 /* BlastSwitchConfig.swift */; };
		C4CDB3D42BD652D0001109C3 /* BlastController+Reload.swift in Sources */ = {isa = PBXBuildFile; fileRef = C4CDB3D32BD652D0001109C3 /* BlastController+Reload.swift */; };
		C4CDB3D92BDBFB46001109C3 /* Reload.swift in Sources */ = {isa = PBXBuildFile; fileRef = C4CDB3D82BDBFB46001109C3 /* Reload.swift */; };
		C4E7A8392B9F3B930041AF8C /* BlastController+FloatingActionButton.swift in Sources */ = {isa = PBXBuildFile; fileRef = C4E7A8382B9F3B930041AF8C /* BlastController+FloatingActionButton.swift */; };
		C4E7A83B2B9F3CA30041AF8C /* FloatingActionButton.swift in Sources */ = {isa = PBXBuildFile; fileRef = C4E7A83A2B9F3CA30041AF8C /* FloatingActionButton.swift */; };
		C4FC68DA2B95DAF500E7D03E /* AddAndDeleteRows.swift in Sources */ = {isa = PBXBuildFile; fileRef = C4FC68D92B95DAF500E7D03E /* AddAndDeleteRows.swift */; };
/* End PBXBuildFile section */

/* Begin PBXFileReference section */
		C40581EC2B986308000C93FD /* BlastController+DeleteSections.swift */ = {isa = PBXFileReference; lastKnownFileType = sourcecode.swift; path = "BlastController+DeleteSections.swift"; sourceTree = "<group>"; };
		C40581EE2B986CE9000C93FD /* BlastController+AddSections.swift */ = {isa = PBXFileReference; lastKnownFileType = sourcecode.swift; path = "BlastController+AddSections.swift"; sourceTree = "<group>"; };
		C40581F02B986EB4000C93FD /* BlastController+ReplaceSections.swift */ = {isa = PBXFileReference; lastKnownFileType = sourcecode.swift; path = "BlastController+ReplaceSections.swift"; sourceTree = "<group>"; };
		C41227712B6CEE2F00626D72 /* BlastExample.app */ = {isa = PBXFileReference; explicitFileType = wrapper.application; includeInIndex = 0; path = BlastExample.app; sourceTree = BUILT_PRODUCTS_DIR; };
		C41227742B6CEE2F00626D72 /* AppDelegate.swift */ = {isa = PBXFileReference; lastKnownFileType = sourcecode.swift; path = AppDelegate.swift; sourceTree = "<group>"; };
		C41227762B6CEE2F00626D72 /* SceneDelegate.swift */ = {isa = PBXFileReference; lastKnownFileType = sourcecode.swift; path = SceneDelegate.swift; sourceTree = "<group>"; };
		C41227782B6CEE2F00626D72 /* Menu.swift */ = {isa = PBXFileReference; lastKnownFileType = sourcecode.swift; path = Menu.swift; sourceTree = "<group>"; };
		C412277B2B6CEE2F00626D72 /* Base */ = {isa = PBXFileReference; lastKnownFileType = file.storyboard; name = Base; path = Base.lproj/Main.storyboard; sourceTree = "<group>"; };
		C412277D2B6CEE3000626D72 /* Assets.xcassets */ = {isa = PBXFileReference; lastKnownFileType = folder.assetcatalog; path = Assets.xcassets; sourceTree = "<group>"; };
		C41227802B6CEE3000626D72 /* Base */ = {isa = PBXFileReference; lastKnownFileType = file.storyboard; name = Base; path = Base.lproj/LaunchScreen.storyboard; sourceTree = "<group>"; };
		C41227822B6CEE3000626D72 /* Info.plist */ = {isa = PBXFileReference; lastKnownFileType = text.plist.xml; path = Info.plist; sourceTree = "<group>"; };
		C41227892B6CEE6A00626D72 /* BlastController.swift */ = {isa = PBXFileReference; lastKnownFileType = sourcecode.swift; path = BlastController.swift; sourceTree = "<group>"; };
		C412278B2B6CF07000626D72 /* Blast.podspec */ = {isa = PBXFileReference; lastKnownFileType = text; path = Blast.podspec; sourceTree = "<group>"; };
		C412278D2B6CF2DE00626D72 /* CellOneLabel.xib */ = {isa = PBXFileReference; lastKnownFileType = file.xib; path = CellOneLabel.xib; sourceTree = "<group>"; };
		C412278F2B6CF5E500626D72 /* BlastCell.swift */ = {isa = PBXFileReference; fileEncoding = 4; lastKnownFileType = sourcecode.swift; path = BlastCell.swift; sourceTree = "<group>"; };
		C41227932B6CF80600626D72 /* BlastRow.swift */ = {isa = PBXFileReference; fileEncoding = 4; lastKnownFileType = sourcecode.swift; path = BlastRow.swift; sourceTree = "<group>"; };
		C41227942B6CF80600626D72 /* BlastSection.swift */ = {isa = PBXFileReference; fileEncoding = 4; lastKnownFileType = sourcecode.swift; path = BlastSection.swift; sourceTree = "<group>"; };
		C4187A372B9750CF00190BAC /* BlastController+DeleteRows.swift */ = {isa = PBXFileReference; lastKnownFileType = sourcecode.swift; path = "BlastController+DeleteRows.swift"; sourceTree = "<group>"; };
		C4187A392B97542900190BAC /* BlastController+ReplaceRows.swift */ = {isa = PBXFileReference; lastKnownFileType = sourcecode.swift; path = "BlastController+ReplaceRows.swift"; sourceTree = "<group>"; };
		C4187A3B2B97598700190BAC /* ReplaceRows.swift */ = {isa = PBXFileReference; lastKnownFileType = sourcecode.swift; path = ReplaceRows.swift; sourceTree = "<group>"; };
		C4187A3D2B975E4400190BAC /* BlastController+FindRows.swift */ = {isa = PBXFileReference; lastKnownFileType = sourcecode.swift; path = "BlastController+FindRows.swift"; sourceTree = "<group>"; };
		C41938CE2B6D2AD40033D6F0 /* XIBS.swift */ = {isa = PBXFileReference; lastKnownFileType = sourcecode.swift; path = XIBS.swift; sourceTree = "<group>"; };
		C41938D02B6D2CB50033D6F0 /* Labels.swift */ = {isa = PBXFileReference; lastKnownFileType = sourcecode.swift; path = Labels.swift; sourceTree = "<group>"; };
		C41938D22B6D2D180033D6F0 /* TextFields.swift */ = {isa = PBXFileReference; fileEncoding = 4; lastKnownFileType = sourcecode.swift; path = TextFields.swift; sourceTree = "<group>"; };
		C41938D52B6D2DA60033D6F0 /* Header.xib */ = {isa = PBXFileReference; lastKnownFileType = file.xib; path = Header.xib; sourceTree = "<group>"; };
		C41938D72B6D2E170033D6F0 /* BlastHeaderFooterView.swift */ = {isa = PBXFileReference; lastKnownFileType = sourcecode.swift; path = BlastHeaderFooterView.swift; sourceTree = "<group>"; };
		C41938D92B6D44F60033D6F0 /* Footer.xib */ = {isa = PBXFileReference; fileEncoding = 4; lastKnownFileType = file.xib; path = Footer.xib; sourceTree = "<group>"; };
		C41938DC2B6E85520033D6F0 /* CellTwoLabels.xib */ = {isa = PBXFileReference; fileEncoding = 4; lastKnownFileType = file.xib; path = CellTwoLabels.xib; sourceTree = "<group>"; };
		C41938DF2B6E85E00033D6F0 /* CellThreeLabels.xib */ = {isa = PBXFileReference; fileEncoding = 4; lastKnownFileType = file.xib; path = CellThreeLabels.xib; sourceTree = "<group>"; };
		C41938E12B6E8F7E0033D6F0 /* Buttons.swift */ = {isa = PBXFileReference; fileEncoding = 4; lastKnownFileType = sourcecode.swift; path = Buttons.swift; sourceTree = "<group>"; };
		C41938E52B6E90570033D6F0 /* CellMenuItem.xib */ = {isa = PBXFileReference; fileEncoding = 4; lastKnownFileType = file.xib; path = CellMenuItem.xib; sourceTree = "<group>"; };
		C41938E72B6E92170033D6F0 /* CellOneButton.xib */ = {isa = PBXFileReference; fileEncoding = 4; lastKnownFileType = file.xib; path = CellOneButton.xib; sourceTree = "<group>"; };
		C41938E92B6FA3580033D6F0 /* CellTwoButtons.xib */ = {isa = PBXFileReference; fileEncoding = 4; lastKnownFileType = file.xib; path = CellTwoButtons.xib; sourceTree = "<group>"; };
		C41938EB2B6FA3F80033D6F0 /* CellThreeButtons.xib */ = {isa = PBXFileReference; fileEncoding = 4; lastKnownFileType = file.xib; path = CellThreeButtons.xib; sourceTree = "<group>"; };
		C41938ED2B6FB3CA0033D6F0 /* ImageViews.swift */ = {isa = PBXFileReference; fileEncoding = 4; lastKnownFileType = sourcecode.swift; path = ImageViews.swift; sourceTree = "<group>"; };
		C41938EF2B6FB4010033D6F0 /* CellOneImageView.xib */ = {isa = PBXFileReference; fileEncoding = 4; lastKnownFileType = file.xib; path = CellOneImageView.xib; sourceTree = "<group>"; };
		C41938F12B6FB52F0033D6F0 /* CellThreeImageViews.xib */ = {isa = PBXFileReference; fileEncoding = 4; lastKnownFileType = file.xib; path = CellThreeImageViews.xib; sourceTree = "<group>"; };
		C41938F22B6FB5300033D6F0 /* CellTwoImageViews.xib */ = {isa = PBXFileReference; fileEncoding = 4; lastKnownFileType = file.xib; path = CellTwoImageViews.xib; sourceTree = "<group>"; };
		C41938F52B6FB6750033D6F0 /* README.md */ = {isa = PBXFileReference; lastKnownFileType = net.daringfireball.markdown; name = README.md; path = ../README.md; sourceTree = "<group>"; };
		C41938F62B6FDA0D0033D6F0 /* BlastTextField.swift */ = {isa = PBXFileReference; lastKnownFileType = sourcecode.swift; path = BlastTextField.swift; sourceTree = "<group>"; };
		C41938F82B6FDDC20033D6F0 /* CellOneTextField.xib */ = {isa = PBXFileReference; fileEncoding = 4; lastKnownFileType = file.xib; path = CellOneTextField.xib; sourceTree = "<group>"; };
		C42B56FB2B9B27970073D055 /* BlastController+FindSections.swift */ = {isa = PBXFileReference; lastKnownFileType = sourcecode.swift; path = "BlastController+FindSections.swift"; sourceTree = "<group>"; };
		C42B56FD2B9B56560073D055 /* ReplaceSections.swift */ = {isa = PBXFileReference; lastKnownFileType = sourcecode.swift; path = ReplaceSections.swift; sourceTree = "<group>"; };
		C43CE24B2B8B3FB200283FC7 /* BlastLabelConfig.swift */ = {isa = PBXFileReference; lastKnownFileType = sourcecode.swift; path = BlastLabelConfig.swift; sourceTree = "<group>"; };
		C444709D2B8E3A6400F274E3 /* BlastButtonConfig.swift */ = {isa = PBXFileReference; lastKnownFileType = sourcecode.swift; path = BlastButtonConfig.swift; sourceTree = "<group>"; };
		C444709F2B8E3D0900F274E3 /* BlastTextFieldConfig.swift */ = {isa = PBXFileReference; lastKnownFileType = sourcecode.swift; path = BlastTextFieldConfig.swift; sourceTree = "<group>"; };
		C44470A12B8E415700F274E3 /* TextViews.swift */ = {isa = PBXFileReference; lastKnownFileType = sourcecode.swift; path = TextViews.swift; sourceTree = "<group>"; };
		C44470A32B8E422900F274E3 /* BlastTextViewConfig.swift */ = {isa = PBXFileReference; lastKnownFileType = sourcecode.swift; path = BlastTextViewConfig.swift; sourceTree = "<group>"; };
		C44470A52B8E428300F274E3 /* BlastTextView.swift */ = {isa = PBXFileReference; lastKnownFileType = sourcecode.swift; path = BlastTextView.swift; sourceTree = "<group>"; };
		C44470A72B8E492B00F274E3 /* CellTextView.xib */ = {isa = PBXFileReference; fileEncoding = 4; lastKnownFileType = file.xib; path = CellTextView.xib; sourceTree = "<group>"; };
		C459E0482BC8264F00F89652 /* BlastDatePickerField.swift */ = {isa = PBXFileReference; fileEncoding = 4; lastKnownFileType = sourcecode.swift; path = BlastDatePickerField.swift; sourceTree = "<group>"; };
		C459E04A2BC82AF000F89652 /* BlastDatePickerFieldConfig.swift */ = {isa = PBXFileReference; lastKnownFileType = sourcecode.swift; path = BlastDatePickerFieldConfig.swift; sourceTree = "<group>"; };
		C459E04C2BC8411400F89652 /* DatePickers.swift */ = {isa = PBXFileReference; fileEncoding = 4; lastKnownFileType = sourcecode.swift; path = DatePickers.swift; sourceTree = "<group>"; };
		C45FC29E2BB876E500D25A62 /* BlastSegmentedControlConfig.swift */ = {isa = PBXFileReference; lastKnownFileType = sourcecode.swift; path = BlastSegmentedControlConfig.swift; sourceTree = "<group>"; };
		C45FC2A02BB87B0100D25A62 /* SegmentedControls.swift */ = {isa = PBXFileReference; lastKnownFileType = sourcecode.swift; path = SegmentedControls.swift; sourceTree = "<group>"; };
		C45FC2A22BB87B4100D25A62 /* CellOneSegmentedControl.xib */ = {isa = PBXFileReference; fileEncoding = 4; lastKnownFileType = file.xib; path = CellOneSegmentedControl.xib; sourceTree = "<group>"; };
		C46046802BC8603F00136776 /* CellOneDatePickerField.xib */ = {isa = PBXFileReference; fileEncoding = 4; lastKnownFileType = file.xib; path = CellOneDatePickerField.xib; sourceTree = "<group>"; };
		C4609FE12B90F8C7007D6D10 /* BlastController+AddRows.swift */ = {isa = PBXFileReference; lastKnownFileType = sourcecode.swift; path = "BlastController+AddRows.swift"; sourceTree = "<group>"; };
		C46E3AF92BB5F538004F4023 /* BlastImageViewConfig.swift */ = {isa = PBXFileReference; fileEncoding = 4; lastKnownFileType = sourcecode.swift; path = BlastImageViewConfig.swift; sourceTree = "<group>"; };
		C49145052B99DBC500BE9B58 /* AddAndDeleteSections.swift */ = {isa = PBXFileReference; fileEncoding = 4; lastKnownFileType = sourcecode.swift; path = AddAndDeleteSections.swift; sourceTree = "<group>"; };
		C4AA879C2B8760A500D719A5 /* CellTwoTextFields.xib */ = {isa = PBXFileReference; fileEncoding = 4; lastKnownFileType = file.xib; path = CellTwoTextFields.xib; sourceTree = "<group>"; };
		C4AA879E2B877AA500D719A5 /* CellOneSwitch.xib */ = {isa = PBXFileReference; fileEncoding = 4; lastKnownFileType = file.xib; path = CellOneSwitch.xib; sourceTree = "<group>"; };
		C4AA87A02B877E1B00D719A5 /* Switches.swift */ = {isa = PBXFileReference; lastKnownFileType = sourcecode.swift; path = Switches.swift; sourceTree = "<group>"; };
		C4AA87A22B87AE6600D719A5 /* BlastSwitchConfig.swift */ = {isa = PBXFileReference; lastKnownFileType = sourcecode.swift; path = BlastSwitchConfig.swift; sourceTree = "<group>"; };
		C4CDB3D32BD652D0001109C3 /* BlastController+Reload.swift */ = {isa = PBXFileReference; fileEncoding = 4; lastKnownFileType = sourcecode.swift; path = "BlastController+Reload.swift"; sourceTree = "<group>"; };
		C4CDB3D82BDBFB46001109C3 /* Reload.swift */ = {isa = PBXFileReference; fileEncoding = 4; lastKnownFileType = sourcecode.swift; path = Reload.swift; sourceTree = "<group>"; };
		C4E7A8382B9F3B930041AF8C /* BlastController+FloatingActionButton.swift */ = {isa = PBXFileReference; lastKnownFileType = sourcecode.swift; path = "BlastController+FloatingActionButton.swift"; sourceTree = "<group>"; };
		C4E7A83A2B9F3CA30041AF8C /* FloatingActionButton.swift */ = {isa = PBXFileReference; lastKnownFileType = sourcecode.swift; path = FloatingActionButton.swift; sourceTree = "<group>"; };
		C4FC68D92B95DAF500E7D03E /* AddAndDeleteRows.swift */ = {isa = PBXFileReference; lastKnownFileType = sourcecode.swift; path = AddAndDeleteRows.swift; sourceTree = "<group>"; };
/* End PBXFileReference section */

/* Begin PBXFrameworksBuildPhase section */
		C412276E2B6CEE2F00626D72 /* Frameworks */ = {
			isa = PBXFrameworksBuildPhase;
			buildActionMask = 2147483647;
			files = (
			);
			runOnlyForDeploymentPostprocessing = 0;
		};
/* End PBXFrameworksBuildPhase section */

/* Begin PBXGroup section */
		C41227682B6CEE2E00626D72 = {
			isa = PBXGroup;
			children = (
				C41227732B6CEE2F00626D72 /* BlastExample */,
				C41227722B6CEE2F00626D72 /* Products */,
			);
			sourceTree = "<group>";
		};
		C41227722B6CEE2F00626D72 /* Products */ = {
			isa = PBXGroup;
			children = (
				C41227712B6CEE2F00626D72 /* BlastExample.app */,
			);
			name = Products;
			sourceTree = "<group>";
		};
		C41227732B6CEE2F00626D72 /* BlastExample */ = {
			isa = PBXGroup;
			children = (
				C41938CE2B6D2AD40033D6F0 /* XIBS.swift */,
				C41227742B6CEE2F00626D72 /* AppDelegate.swift */,
				C41227762B6CEE2F00626D72 /* SceneDelegate.swift */,
				C41227782B6CEE2F00626D72 /* Menu.swift */,
				C41938D02B6D2CB50033D6F0 /* Labels.swift */,
				C41938E12B6E8F7E0033D6F0 /* Buttons.swift */,
				C41938ED2B6FB3CA0033D6F0 /* ImageViews.swift */,
				C4AA87A02B877E1B00D719A5 /* Switches.swift */,
				C45FC2A02BB87B0100D25A62 /* SegmentedControls.swift */,
				C41938D22B6D2D180033D6F0 /* TextFields.swift */,
				C459E04C2BC8411400F89652 /* DatePickers.swift */,
				C44470A12B8E415700F274E3 /* TextViews.swift */,
				C4E7A83A2B9F3CA30041AF8C /* FloatingActionButton.swift */,
				C4FC68D92B95DAF500E7D03E /* AddAndDeleteRows.swift */,
				C49145052B99DBC500BE9B58 /* AddAndDeleteSections.swift */,
				C4187A3B2B97598700190BAC /* ReplaceRows.swift */,
				C42B56FD2B9B56560073D055 /* ReplaceSections.swift */,
				C4CDB3D82BDBFB46001109C3 /* Reload.swift */,
				C41938D42B6D2D870033D6F0 /* Headers */,
				C49145072B99DC5A00BE9B58 /* Footers */,
				C412278C2B6CF29400626D72 /* Cells */,
				C41227882B6CEE4B00626D72 /* Blast */,
				C412277A2B6CEE2F00626D72 /* Main.storyboard */,
				C412277D2B6CEE3000626D72 /* Assets.xcassets */,
				C412277F2B6CEE3000626D72 /* LaunchScreen.storyboard */,
				C41227822B6CEE3000626D72 /* Info.plist */,
			);
			path = BlastExample;
			sourceTree = "<group>";
		};
		C41227882B6CEE4B00626D72 /* Blast */ = {
			isa = PBXGroup;
			children = (
				C41938F52B6FB6750033D6F0 /* README.md */,
				C412278B2B6CF07000626D72 /* Blast.podspec */,
				C412278F2B6CF5E500626D72 /* BlastCell.swift */,
				C41938D72B6D2E170033D6F0 /* BlastHeaderFooterView.swift */,
				C41227932B6CF80600626D72 /* BlastRow.swift */,
				C41227942B6CF80600626D72 /* BlastSection.swift */,
				C41227892B6CEE6A00626D72 /* BlastController.swift */,
				C41938F62B6FDA0D0033D6F0 /* BlastTextField.swift */,
				C459E0482BC8264F00F89652 /* BlastDatePickerField.swift */,
				C44470A52B8E428300F274E3 /* BlastTextView.swift */,
				C4609FE02B90F88E007D6D10 /* Extensions */,
				C4AA87A42B88DBA300D719A5 /* Configurations */,
			);
			name = Blast;
			path = ../../Blast;
			sourceTree = "<group>";
		};
		C412278C2B6CF29400626D72 /* Cells */ = {
			isa = PBXGroup;
			children = (
				C41938E52B6E90570033D6F0 /* CellMenuItem.xib */,
				C412278D2B6CF2DE00626D72 /* CellOneLabel.xib */,
				C41938DC2B6E85520033D6F0 /* CellTwoLabels.xib */,
				C41938DF2B6E85E00033D6F0 /* CellThreeLabels.xib */,
				C41938E72B6E92170033D6F0 /* CellOneButton.xib */,
				C41938E92B6FA3580033D6F0 /* CellTwoButtons.xib */,
				C41938EB2B6FA3F80033D6F0 /* CellThreeButtons.xib */,
				C41938EF2B6FB4010033D6F0 /* CellOneImageView.xib */,
				C41938F22B6FB5300033D6F0 /* CellTwoImageViews.xib */,
				C41938F12B6FB52F0033D6F0 /* CellThreeImageViews.xib */,
				C4AA879E2B877AA500D719A5 /* CellOneSwitch.xib */,
				C45FC2A22BB87B4100D25A62 /* CellOneSegmentedControl.xib */,
				C41938F82B6FDDC20033D6F0 /* CellOneTextField.xib */,
				C4AA879C2B8760A500D719A5 /* CellTwoTextFields.xib */,
				C46046802BC8603F00136776 /* CellOneDatePickerField.xib */,
				C44470A72B8E492B00F274E3 /* CellTextView.xib */,
			);
			path = Cells;
			sourceTree = "<group>";
		};
		C41938D42B6D2D870033D6F0 /* Headers */ = {
			isa = PBXGroup;
			children = (
				C41938D52B6D2DA60033D6F0 /* Header.xib */,
			);
			path = Headers;
			sourceTree = "<group>";
		};
		C4609FE02B90F88E007D6D10 /* Extensions */ = {
			isa = PBXGroup;
			children = (
				C4CDB3D32BD652D0001109C3 /* BlastController+Reload.swift */,
				C4187A3D2B975E4400190BAC /* BlastController+FindRows.swift */,
				C42B56FB2B9B27970073D055 /* BlastController+FindSections.swift */,
				C4609FE12B90F8C7007D6D10 /* BlastController+AddRows.swift */,
				C40581EE2B986CE9000C93FD /* BlastController+AddSections.swift */,
				C4187A372B9750CF00190BAC /* BlastController+DeleteRows.swift */,
				C40581EC2B986308000C93FD /* BlastController+DeleteSections.swift */,
				C4187A392B97542900190BAC /* BlastController+ReplaceRows.swift */,
				C40581F02B986EB4000C93FD /* BlastController+ReplaceSections.swift */,
				C4E7A8382B9F3B930041AF8C /* BlastController+FloatingActionButton.swift */,
			);
			path = Extensions;
			sourceTree = "<group>";
		};
		C49145072B99DC5A00BE9B58 /* Footers */ = {
			isa = PBXGroup;
			children = (
				C41938D92B6D44F60033D6F0 /* Footer.xib */,
			);
			path = Footers;
			sourceTree = "<group>";
		};
		C4AA87A42B88DBA300D719A5 /* Configurations */ = {
			isa = PBXGroup;
			children = (
				C43CE24B2B8B3FB200283FC7 /* BlastLabelConfig.swift */,
				C444709D2B8E3A6400F274E3 /* BlastButtonConfig.swift */,
				C4AA87A22B87AE6600D719A5 /* BlastSwitchConfig.swift */,
				C444709F2B8E3D0900F274E3 /* BlastTextFieldConfig.swift */,
				C459E04A2BC82AF000F89652 /* BlastDatePickerFieldConfig.swift */,
				C44470A32B8E422900F274E3 /* BlastTextViewConfig.swift */,
				C46E3AF92BB5F538004F4023 /* BlastImageViewConfig.swift */,
				C45FC29E2BB876E500D25A62 /* BlastSegmentedControlConfig.swift */,
			);
			path = Configurations;
			sourceTree = "<group>";
		};
/* End PBXGroup section */

/* Begin PBXNativeTarget section */
		C41227702B6CEE2F00626D72 /* BlastExample */ = {
			isa = PBXNativeTarget;
			buildConfigurationList = C41227852B6CEE3000626D72 /* Build configuration list for PBXNativeTarget "BlastExample" */;
			buildPhases = (
				C412276D2B6CEE2F00626D72 /* Sources */,
				C412276E2B6CEE2F00626D72 /* Frameworks */,
				C412276F2B6CEE2F00626D72 /* Resources */,
			);
			buildRules = (
			);
			dependencies = (
			);
			name = BlastExample;
			productName = BlastExample;
			productReference = C41227712B6CEE2F00626D72 /* BlastExample.app */;
			productType = "com.apple.product-type.application";
		};
/* End PBXNativeTarget section */

/* Begin PBXProject section */
		C41227692B6CEE2E00626D72 /* Project object */ = {
			isa = PBXProject;
			attributes = {
				BuildIndependentTargetsInParallel = 1;
				LastSwiftUpdateCheck = 1510;
				LastUpgradeCheck = 1510;
				TargetAttributes = {
					C41227702B6CEE2F00626D72 = {
						CreatedOnToolsVersion = 15.1;
					};
				};
			};
			buildConfigurationList = C412276C2B6CEE2E00626D72 /* Build configuration list for PBXProject "BlastExample" */;
			compatibilityVersion = "Xcode 14.0";
			developmentRegion = en;
			hasScannedForEncodings = 0;
			knownRegions = (
				en,
				Base,
			);
			mainGroup = C41227682B6CEE2E00626D72;
			productRefGroup = C41227722B6CEE2F00626D72 /* Products */;
			projectDirPath = "";
			projectRoot = "";
			targets = (
				C41227702B6CEE2F00626D72 /* BlastExample */,
			);
		};
/* End PBXProject section */

/* Begin PBXResourcesBuildPhase section */
		C412276F2B6CEE2F00626D72 /* Resources */ = {
			isa = PBXResourcesBuildPhase;
			buildActionMask = 2147483647;
			files = (
				C41938EC2B6FA3F80033D6F0 /* CellThreeButtons.xib in Resources */,
				C41938DA2B6D44F60033D6F0 /* Footer.xib in Resources */,
				C41938D62B6D2DA60033D6F0 /* Header.xib in Resources */,
				C41938F42B6FB5300033D6F0 /* CellTwoImageViews.xib in Resources */,
				C41227812B6CEE3000626D72 /* LaunchScreen.storyboard in Resources */,
				C44470A82B8E492B00F274E3 /* CellTextView.xib in Resources */,
				C4AA879D2B8760A500D719A5 /* CellTwoTextFields.xib in Resources */,
				C412277E2B6CEE3000626D72 /* Assets.xcassets in Resources */,
				C41938F02B6FB4010033D6F0 /* CellOneImageView.xib in Resources */,
				C412278E2B6CF2DE00626D72 /* CellOneLabel.xib in Resources */,
				C412277C2B6CEE2F00626D72 /* Main.storyboard in Resources */,
				C41938E82B6E92170033D6F0 /* CellOneButton.xib in Resources */,
				C41938E62B6E90570033D6F0 /* CellMenuItem.xib in Resources */,
				C41938F92B6FDDC20033D6F0 /* CellOneTextField.xib in Resources */,
				C41938DE2B6E85520033D6F0 /* CellTwoLabels.xib in Resources */,
				C46046812BC8603F00136776 /* CellOneDatePickerField.xib in Resources */,
				C45FC2A32BB87B4100D25A62 /* CellOneSegmentedControl.xib in Resources */,
				C4AA879F2B877AA500D719A5 /* CellOneSwitch.xib in Resources */,
				C41938E02B6E85E00033D6F0 /* CellThreeLabels.xib in Resources */,
				C41938EA2B6FA3580033D6F0 /* CellTwoButtons.xib in Resources */,
				C41938F32B6FB5300033D6F0 /* CellThreeImageViews.xib in Resources */,
			);
			runOnlyForDeploymentPostprocessing = 0;
		};
/* End PBXResourcesBuildPhase section */

/* Begin PBXSourcesBuildPhase section */
		C412276D2B6CEE2F00626D72 /* Sources */ = {
			isa = PBXSourcesBuildPhase;
			buildActionMask = 2147483647;
			files = (
				C41938F72B6FDA0D0033D6F0 /* BlastTextField.swift in Sources */,
				C45FC29F2BB876E500D25A62 /* BlastSegmentedControlConfig.swift in Sources */,
				C4CDB3D92BDBFB46001109C3 /* Reload.swift in Sources */,
				C41938CF2B6D2AD40033D6F0 /* XIBS.swift in Sources */,
				C4FC68DA2B95DAF500E7D03E /* AddAndDeleteRows.swift in Sources */,
				C41938D32B6D2D180033D6F0 /* TextFields.swift in Sources */,
				C41227902B6CF5E500626D72 /* BlastCell.swift in Sources */,
				C44470A62B8E428300F274E3 /* BlastTextView.swift in Sources */,
				C459E0492BC8264F00F89652 /* BlastDatePickerField.swift in Sources */,
				C459E04B2BC82AF000F89652 /* BlastDatePickerFieldConfig.swift in Sources */,
				C41227792B6CEE2F00626D72 /* Menu.swift in Sources */,
				C4CDB3D42BD652D0001109C3 /* BlastController+Reload.swift in Sources */,
				C4E7A83B2B9F3CA30041AF8C /* FloatingActionButton.swift in Sources */,
				C444709E2B8E3A6400F274E3 /* BlastButtonConfig.swift in Sources */,
				C4AA87A32B87AE6600D719A5 /* BlastSwitchConfig.swift in Sources */,
				C41227952B6CF80600626D72 /* BlastRow.swift in Sources */,
				C44470A42B8E422900F274E3 /* BlastTextViewConfig.swift in Sources */,
				C4187A3C2B97598700190BAC /* ReplaceRows.swift in Sources */,
				C41227752B6CEE2F00626D72 /* AppDelegate.swift in Sources */,
				C4187A3A2B97542900190BAC /* BlastController+ReplaceRows.swift in Sources */,
				C41938D82B6D2E170033D6F0 /* BlastHeaderFooterView.swift in Sources */,
				C4187A382B9750CF00190BAC /* BlastController+DeleteRows.swift in Sources */,
				C46E3AFA2BB5F538004F4023 /* BlastImageViewConfig.swift in Sources */,
				C42B56FE2B9B56560073D055 /* ReplaceSections.swift in Sources */,
				C4609FE22B90F8C7007D6D10 /* BlastController+AddRows.swift in Sources */,
				C45FC2A12BB87B0100D25A62 /* SegmentedControls.swift in Sources */,
				C40581F12B986EB4000C93FD /* BlastController+ReplaceSections.swift in Sources */,
				C49145062B99DBC500BE9B58 /* AddAndDeleteSections.swift in Sources */,
				C41938E22B6E8F7E0033D6F0 /* Buttons.swift in Sources */,
				C42B56FC2B9B27970073D055 /* BlastController+FindSections.swift in Sources */,
				C4AA87A12B877E1B00D719A5 /* Switches.swift in Sources */,
				C40581ED2B986308000C93FD /* BlastController+DeleteSections.swift in Sources */,
				C4187A3E2B975E4400190BAC /* BlastController+FindRows.swift in Sources */,
				C41227962B6CF80600626D72 /* BlastSection.swift in Sources */,
				C44470A22B8E415700F274E3 /* TextViews.swift in Sources */,
				C40581EF2B986CE9000C93FD /* BlastController+AddSections.swift in Sources */,
				C41938EE2B6FB3CA0033D6F0 /* ImageViews.swift in Sources */,
				C459E04D2BC8411400F89652 /* DatePickers.swift in Sources */,
				C412278A2B6CEE6A00626D72 /* BlastController.swift in Sources */,
				C41938D12B6D2CB50033D6F0 /* Labels.swift in Sources */,
				C41227772B6CEE2F00626D72 /* SceneDelegate.swift in Sources */,
				C4E7A8392B9F3B930041AF8C /* BlastController+FloatingActionButton.swift in Sources */,
				C44470A02B8E3D0900F274E3 /* BlastTextFieldConfig.swift in Sources */,
				C43CE24C2B8B3FB200283FC7 /* BlastLabelConfig.swift in Sources */,
			);
			runOnlyForDeploymentPostprocessing = 0;
		};
/* End PBXSourcesBuildPhase section */

/* Begin PBXVariantGroup section */
		C412277A2B6CEE2F00626D72 /* Main.storyboard */ = {
			isa = PBXVariantGroup;
			children = (
				C412277B2B6CEE2F00626D72 /* Base */,
			);
			name = Main.storyboard;
			sourceTree = "<group>";
		};
		C412277F2B6CEE3000626D72 /* LaunchScreen.storyboard */ = {
			isa = PBXVariantGroup;
			children = (
				C41227802B6CEE3000626D72 /* Base */,
			);
			name = LaunchScreen.storyboard;
			sourceTree = "<group>";
		};
/* End PBXVariantGroup section */

/* Begin XCBuildConfiguration section */
		C41227832B6CEE3000626D72 /* Debug */ = {
			isa = XCBuildConfiguration;
			buildSettings = {
				ALWAYS_SEARCH_USER_PATHS = NO;
				ASSETCATALOG_COMPILER_GENERATE_SWIFT_ASSET_SYMBOL_EXTENSIONS = YES;
				CLANG_ANALYZER_NONNULL = YES;
				CLANG_ANALYZER_NUMBER_OBJECT_CONVERSION = YES_AGGRESSIVE;
				CLANG_CXX_LANGUAGE_STANDARD = "gnu++20";
				CLANG_ENABLE_MODULES = YES;
				CLANG_ENABLE_OBJC_ARC = YES;
				CLANG_ENABLE_OBJC_WEAK = YES;
				CLANG_WARN_BLOCK_CAPTURE_AUTORELEASING = YES;
				CLANG_WARN_BOOL_CONVERSION = YES;
				CLANG_WARN_COMMA = YES;
				CLANG_WARN_CONSTANT_CONVERSION = YES;
				CLANG_WARN_DEPRECATED_OBJC_IMPLEMENTATIONS = YES;
				CLANG_WARN_DIRECT_OBJC_ISA_USAGE = YES_ERROR;
				CLANG_WARN_DOCUMENTATION_COMMENTS = YES;
				CLANG_WARN_EMPTY_BODY = YES;
				CLANG_WARN_ENUM_CONVERSION = YES;
				CLANG_WARN_INFINITE_RECURSION = YES;
				CLANG_WARN_INT_CONVERSION = YES;
				CLANG_WARN_NON_LITERAL_NULL_CONVERSION = YES;
				CLANG_WARN_OBJC_IMPLICIT_RETAIN_SELF = YES;
				CLANG_WARN_OBJC_LITERAL_CONVERSION = YES;
				CLANG_WARN_OBJC_ROOT_CLASS = YES_ERROR;
				CLANG_WARN_QUOTED_INCLUDE_IN_FRAMEWORK_HEADER = YES;
				CLANG_WARN_RANGE_LOOP_ANALYSIS = YES;
				CLANG_WARN_STRICT_PROTOTYPES = YES;
				CLANG_WARN_SUSPICIOUS_MOVE = YES;
				CLANG_WARN_UNGUARDED_AVAILABILITY = YES_AGGRESSIVE;
				CLANG_WARN_UNREACHABLE_CODE = YES;
				CLANG_WARN__DUPLICATE_METHOD_MATCH = YES;
				COPY_PHASE_STRIP = NO;
				DEBUG_INFORMATION_FORMAT = dwarf;
				ENABLE_STRICT_OBJC_MSGSEND = YES;
				ENABLE_TESTABILITY = YES;
				ENABLE_USER_SCRIPT_SANDBOXING = YES;
				GCC_C_LANGUAGE_STANDARD = gnu17;
				GCC_DYNAMIC_NO_PIC = NO;
				GCC_NO_COMMON_BLOCKS = YES;
				GCC_OPTIMIZATION_LEVEL = 0;
				GCC_PREPROCESSOR_DEFINITIONS = (
					"DEBUG=1",
					"$(inherited)",
				);
				GCC_WARN_64_TO_32_BIT_CONVERSION = YES;
				GCC_WARN_ABOUT_RETURN_TYPE = YES_ERROR;
				GCC_WARN_UNDECLARED_SELECTOR = YES;
				GCC_WARN_UNINITIALIZED_AUTOS = YES_AGGRESSIVE;
				GCC_WARN_UNUSED_FUNCTION = YES;
				GCC_WARN_UNUSED_VARIABLE = YES;
				IPHONEOS_DEPLOYMENT_TARGET = 17.2;
				LOCALIZATION_PREFERS_STRING_CATALOGS = YES;
				MTL_ENABLE_DEBUG_INFO = INCLUDE_SOURCE;
				MTL_FAST_MATH = YES;
				ONLY_ACTIVE_ARCH = YES;
				SDKROOT = iphoneos;
				SWIFT_ACTIVE_COMPILATION_CONDITIONS = "DEBUG $(inherited)";
				SWIFT_OPTIMIZATION_LEVEL = "-Onone";
			};
			name = Debug;
		};
		C41227842B6CEE3000626D72 /* Release */ = {
			isa = XCBuildConfiguration;
			buildSettings = {
				ALWAYS_SEARCH_USER_PATHS = NO;
				ASSETCATALOG_COMPILER_GENERATE_SWIFT_ASSET_SYMBOL_EXTENSIONS = YES;
				CLANG_ANALYZER_NONNULL = YES;
				CLANG_ANALYZER_NUMBER_OBJECT_CONVERSION = YES_AGGRESSIVE;
				CLANG_CXX_LANGUAGE_STANDARD = "gnu++20";
				CLANG_ENABLE_MODULES = YES;
				CLANG_ENABLE_OBJC_ARC = YES;
				CLANG_ENABLE_OBJC_WEAK = YES;
				CLANG_WARN_BLOCK_CAPTURE_AUTORELEASING = YES;
				CLANG_WARN_BOOL_CONVERSION = YES;
				CLANG_WARN_COMMA = YES;
				CLANG_WARN_CONSTANT_CONVERSION = YES;
				CLANG_WARN_DEPRECATED_OBJC_IMPLEMENTATIONS = YES;
				CLANG_WARN_DIRECT_OBJC_ISA_USAGE = YES_ERROR;
				CLANG_WARN_DOCUMENTATION_COMMENTS = YES;
				CLANG_WARN_EMPTY_BODY = YES;
				CLANG_WARN_ENUM_CONVERSION = YES;
				CLANG_WARN_INFINITE_RECURSION = YES;
				CLANG_WARN_INT_CONVERSION = YES;
				CLANG_WARN_NON_LITERAL_NULL_CONVERSION = YES;
				CLANG_WARN_OBJC_IMPLICIT_RETAIN_SELF = YES;
				CLANG_WARN_OBJC_LITERAL_CONVERSION = YES;
				CLANG_WARN_OBJC_ROOT_CLASS = YES_ERROR;
				CLANG_WARN_QUOTED_INCLUDE_IN_FRAMEWORK_HEADER = YES;
				CLANG_WARN_RANGE_LOOP_ANALYSIS = YES;
				CLANG_WARN_STRICT_PROTOTYPES = YES;
				CLANG_WARN_SUSPICIOUS_MOVE = YES;
				CLANG_WARN_UNGUARDED_AVAILABILITY = YES_AGGRESSIVE;
				CLANG_WARN_UNREACHABLE_CODE = YES;
				CLANG_WARN__DUPLICATE_METHOD_MATCH = YES;
				COPY_PHASE_STRIP = NO;
				DEBUG_INFORMATION_FORMAT = "dwarf-with-dsym";
				ENABLE_NS_ASSERTIONS = NO;
				ENABLE_STRICT_OBJC_MSGSEND = YES;
				ENABLE_USER_SCRIPT_SANDBOXING = YES;
				GCC_C_LANGUAGE_STANDARD = gnu17;
				GCC_NO_COMMON_BLOCKS = YES;
				GCC_WARN_64_TO_32_BIT_CONVERSION = YES;
				GCC_WARN_ABOUT_RETURN_TYPE = YES_ERROR;
				GCC_WARN_UNDECLARED_SELECTOR = YES;
				GCC_WARN_UNINITIALIZED_AUTOS = YES_AGGRESSIVE;
				GCC_WARN_UNUSED_FUNCTION = YES;
				GCC_WARN_UNUSED_VARIABLE = YES;
				IPHONEOS_DEPLOYMENT_TARGET = 17.2;
				LOCALIZATION_PREFERS_STRING_CATALOGS = YES;
				MTL_ENABLE_DEBUG_INFO = NO;
				MTL_FAST_MATH = YES;
				SDKROOT = iphoneos;
				SWIFT_COMPILATION_MODE = wholemodule;
				VALIDATE_PRODUCT = YES;
			};
			name = Release;
		};
		C41227862B6CEE3000626D72 /* Debug */ = {
			isa = XCBuildConfiguration;
			buildSettings = {
				ASSETCATALOG_COMPILER_APPICON_NAME = AppIcon;
				ASSETCATALOG_COMPILER_GLOBAL_ACCENT_COLOR_NAME = AccentColor;
				"CODE_SIGN_IDENTITY[sdk=iphoneos*]" = "iPhone Developer";
				CODE_SIGN_STYLE = Manual;
				CURRENT_PROJECT_VERSION = 1;
				DEVELOPMENT_TEAM = "";
				"DEVELOPMENT_TEAM[sdk=iphoneos*]" = YX329C7NUQ;
				ENABLE_USER_SCRIPT_SANDBOXING = NO;
				GENERATE_INFOPLIST_FILE = YES;
				INFOPLIST_FILE = BlastExample/Info.plist;
				INFOPLIST_KEY_UIApplicationSupportsIndirectInputEvents = YES;
				INFOPLIST_KEY_UILaunchStoryboardName = LaunchScreen;
				INFOPLIST_KEY_UIMainStoryboardFile = Main;
				INFOPLIST_KEY_UISupportedInterfaceOrientations_iPad = "UIInterfaceOrientationPortrait UIInterfaceOrientationPortraitUpsideDown UIInterfaceOrientationLandscapeLeft UIInterfaceOrientationLandscapeRight";
				INFOPLIST_KEY_UISupportedInterfaceOrientations_iPhone = "UIInterfaceOrientationPortrait UIInterfaceOrientationLandscapeLeft UIInterfaceOrientationLandscapeRight";
				LD_RUNPATH_SEARCH_PATHS = (
					"$(inherited)",
					"@executable_path/Frameworks",
				);
				MARKETING_VERSION = 1.0;
				PRODUCT_BUNDLE_IDENTIFIER = template.BlastExample;
				PRODUCT_NAME = "$(TARGET_NAME)";
				PROVISIONING_PROFILE_SPECIFIER = "";
				"PROVISIONING_PROFILE_SPECIFIER[sdk=iphoneos*]" = "AnyApp Development";
				SWIFT_EMIT_LOC_STRINGS = YES;
				SWIFT_VERSION = 5.0;
				TARGETED_DEVICE_FAMILY = "1,2";
			};
			name = Debug;
		};
		C41227872B6CEE3000626D72 /* Release */ = {
			isa = XCBuildConfiguration;
			buildSettings = {
				ASSETCATALOG_COMPILER_APPICON_NAME = AppIcon;
				ASSETCATALOG_COMPILER_GLOBAL_ACCENT_COLOR_NAME = AccentColor;
				"CODE_SIGN_IDENTITY[sdk=iphoneos*]" = "iPhone Developer";
				CODE_SIGN_STYLE = Manual;
				CURRENT_PROJECT_VERSION = 1;
				DEVELOPMENT_TEAM = "";
				"DEVELOPMENT_TEAM[sdk=iphoneos*]" = YX329C7NUQ;
				ENABLE_USER_SCRIPT_SANDBOXING = NO;
				GENERATE_INFOPLIST_FILE = YES;
				INFOPLIST_FILE = BlastExample/Info.plist;
				INFOPLIST_KEY_UIApplicationSupportsIndirectInputEvents = YES;
				INFOPLIST_KEY_UILaunchStoryboardName = LaunchScreen;
				INFOPLIST_KEY_UIMainStoryboardFile = Main;
				INFOPLIST_KEY_UISupportedInterfaceOrientations_iPad = "UIInterfaceOrientationPortrait UIInterfaceOrientationPortraitUpsideDown UIInterfaceOrientationLandscapeLeft UIInterfaceOrientationLandscapeRight";
				INFOPLIST_KEY_UISupportedInterfaceOrientations_iPhone = "UIInterfaceOrientationPortrait UIInterfaceOrientationLandscapeLeft UIInterfaceOrientationLandscapeRight";
				LD_RUNPATH_SEARCH_PATHS = (
					"$(inherited)",
					"@executable_path/Frameworks",
				);
				MARKETING_VERSION = 1.0;
				PRODUCT_BUNDLE_IDENTIFIER = template.BlastExample;
				PRODUCT_NAME = "$(TARGET_NAME)";
				PROVISIONING_PROFILE_SPECIFIER = "";
				"PROVISIONING_PROFILE_SPECIFIER[sdk=iphoneos*]" = "AnyApp Development";
				SWIFT_EMIT_LOC_STRINGS = YES;
				SWIFT_VERSION = 5.0;
				TARGETED_DEVICE_FAMILY = "1,2";
			};
			name = Release;
		};
/* End XCBuildConfiguration section */

/* Begin XCConfigurationList section */
		C412276C2B6CEE2E00626D72 /* Build configuration list for PBXProject "BlastExample" */ = {
			isa = XCConfigurationList;
			buildConfigurations = (
				C41227832B6CEE3000626D72 /* Debug */,
				C41227842B6CEE3000626D72 /* Release */,
			);
			defaultConfigurationIsVisible = 0;
			defaultConfigurationName = Release;
		};
		C41227852B6CEE3000626D72 /* Build configuration list for PBXNativeTarget "BlastExample" */ = {
			isa = XCConfigurationList;
			buildConfigurations = (
				C41227862B6CEE3000626D72 /* Debug */,
				C41227872B6CEE3000626D72 /* Release */,
			);
			defaultConfigurationIsVisible = 0;
			defaultConfigurationName = Release;
		};
/* End XCConfigurationList section */
	};
	rootObject = C41227692B6CEE2E00626D72 /* Project object */;
}
